// !$*UTF8*$!
{
	archiveVersion = 1;
	classes = {
	};
	objectVersion = 50;
	objects = {

/* Begin PBXBuildFile section */
		E1336855233B682E007E2683 /* AppDelegate.m in Sources */ = {isa = PBXBuildFile; fileRef = E1336854233B682E007E2683 /* AppDelegate.m */; };
		E1336858233B682E007E2683 /* SceneDelegate.m in Sources */ = {isa = PBXBuildFile; fileRef = E1336857233B682E007E2683 /* SceneDelegate.m */; };
		E133685B233B682E007E2683 /* ViewController.m in Sources */ = {isa = PBXBuildFile; fileRef = E133685A233B682E007E2683 /* ViewController.m */; };
		E133685E233B682E007E2683 /* Main.storyboard in Resources */ = {isa = PBXBuildFile; fileRef = E133685C233B682E007E2683 /* Main.storyboard */; };
		E1336860233B6830007E2683 /* Assets.xcassets in Resources */ = {isa = PBXBuildFile; fileRef = E133685F233B6830007E2683 /* Assets.xcassets */; };
		E1336863233B6830007E2683 /* LaunchScreen.storyboard in Resources */ = {isa = PBXBuildFile; fileRef = E1336861233B6830007E2683 /* LaunchScreen.storyboard */; };
		E1336866233B6830007E2683 /* main.m in Sources */ = {isa = PBXBuildFile; fileRef = E1336865233B6830007E2683 /* main.m */; };
/* End PBXBuildFile section */

/* Begin PBXFileReference section */
		E1336850233B682E007E2683 /* SampleObjective-C.app */ = {isa = PBXFileReference; explicitFileType = wrapper.application; includeInIndex = 0; path = "SampleObjective-C.app"; sourceTree = BUILT_PRODUCTS_DIR; };
		E1336853233B682E007E2683 /* AppDelegate.h */ = {isa = PBXFileReference; lastKnownFileType = sourcecode.c.h; path = AppDelegate.h; sourceTree = "<group>"; };
		E1336854233B682E007E2683 /* AppDelegate.m */ = {isa = PBXFileReference; lastKnownFileType = sourcecode.c.objc; path = AppDelegate.m; sourceTree = "<group>"; };
		E1336856233B682E007E2683 /* SceneDelegate.h */ = {isa = PBXFileReference; lastKnownFileType = sourcecode.c.h; path = SceneDelegate.h; sourceTree = "<group>"; };
		E1336857233B682E007E2683 /* SceneDelegate.m */ = {isa = PBXFileReference; lastKnownFileType = sourcecode.c.objc; path = SceneDelegate.m; sourceTree = "<group>"; };
		E1336859233B682E007E2683 /* ViewController.h */ = {isa = PBXFileReference; lastKnownFileType = sourcecode.c.h; path = ViewController.h; sourceTree = "<group>"; };
		E133685A233B682E007E2683 /* ViewController.m */ = {isa = PBXFileReference; lastKnownFileType = sourcecode.c.objc; path = ViewController.m; sourceTree = "<group>"; };
		E133685D233B682E007E2683 /* Base */ = {isa = PBXFileReference; lastKnownFileType = file.storyboard; name = Base; path = Base.lproj/Main.storyboard; sourceTree = "<group>"; };
		E133685F233B6830007E2683 /* Assets.xcassets */ = {isa = PBXFileReference; lastKnownFileType = folder.assetcatalog; path = Assets.xcassets; sourceTree = "<group>"; };
		E1336862233B6830007E2683 /* Base */ = {isa = PBXFileReference; lastKnownFileType = file.storyboard; name = Base; path = Base.lproj/LaunchScreen.storyboard; sourceTree = "<group>"; };
		E1336864233B6830007E2683 /* Info.plist */ = {isa = PBXFileReference; lastKnownFileType = text.plist.xml; path = Info.plist; sourceTree = "<group>"; };
		E1336865233B6830007E2683 /* main.m */ = {isa = PBXFileReference; lastKnownFileType = sourcecode.c.objc; path = main.m; sourceTree = "<group>"; };
/* End PBXFileReference section */

/* Begin PBXFrameworksBuildPhase section */
		E133684D233B682E007E2683 /* Frameworks */ = {
			isa = PBXFrameworksBuildPhase;
			buildActionMask = 2147483647;
			files = (
			);
			runOnlyForDeploymentPostprocessing = 0;
		};
/* End PBXFrameworksBuildPhase section */

/* Begin PBXGroup section */
		E1336847233B682E007E2683 = {
			isa = PBXGroup;
			children = (
				E1336852233B682E007E2683 /* SampleObjective-C */,
				E1336851233B682E007E2683 /* Products */,
			);
			sourceTree = "<group>";
		};
		E1336851233B682E007E2683 /* Products */ = {
			isa = PBXGroup;
			children = (
				E1336850233B682E007E2683 /* SampleObjective-C.app */,
			);
			name = Products;
			sourceTree = "<group>";
		};
		E1336852233B682E007E2683 /* SampleObjective-C */ = {
			isa = PBXGroup;
			children = (
				E1336853233B682E007E2683 /* AppDelegate.h */,
				E1336854233B682E007E2683 /* AppDelegate.m */,
				E1336856233B682E007E2683 /* SceneDelegate.h */,
				E1336857233B682E007E2683 /* SceneDelegate.m */,
				E1336859233B682E007E2683 /* ViewController.h */,
				E133685A233B682E007E2683 /* ViewController.m */,
				E133685C233B682E007E2683 /* Main.storyboard */,
				E133685F233B6830007E2683 /* Assets.xcassets */,
				E1336861233B6830007E2683 /* LaunchScreen.storyboard */,
				E1336864233B6830007E2683 /* Info.plist */,
				E1336865233B6830007E2683 /* main.m */,
			);
			path = "SampleObjective-C";
			sourceTree = "<group>";
		};
/* End PBXGroup section */

/* Begin PBXNativeTarget section */
		E133684F233B682E007E2683 /* SampleObjective-C */ = {
			isa = PBXNativeTarget;
			buildConfigurationList = E1336869233B6830007E2683 /* Build configuration list for PBXNativeTarget "SampleObjective-C" */;
			buildPhases = (
				E133684C233B682E007E2683 /* Sources */,
				E133684D233B682E007E2683 /* Frameworks */,
				E133684E233B682E007E2683 /* Resources */,
			);
			buildRules = (
			);
			dependencies = (
			);
			name = "SampleObjective-C";
			productName = "SampleObjective-C";
			productReference = E1336850233B682E007E2683 /* SampleObjective-C.app */;
			productType = "com.apple.product-type.application";
		};
/* End PBXNativeTarget section */

/* Begin PBXProject section */
		E1336848233B682E007E2683 /* Project object */ = {
			isa = PBXProject;
			attributes = {
				LastUpgradeCheck = 1100;
				ORGANIZATIONNAME = William;
				TargetAttributes = {
					E133684F233B682E007E2683 = {
						CreatedOnToolsVersion = 11.0;
					};
				};
			};
			buildConfigurationList = E133684B233B682E007E2683 /* Build configuration list for PBXProject "SampleObjective-C" */;
			compatibilityVersion = "Xcode 9.3";
			developmentRegion = en;
			hasScannedForEncodings = 0;
			knownRegions = (
				en,
				Base,
			);
			mainGroup = E1336847233B682E007E2683;
			productRefGroup = E1336851233B682E007E2683 /* Products */;
			projectDirPath = "";
			projectRoot = "";
			targets = (
				E133684F233B682E007E2683 /* SampleObjective-C */,
			);
		};
/* End PBXProject section */

/* Begin PBXResourcesBuildPhase section */
		E133684E233B682E007E2683 /* Resources */ = {
			isa = PBXResourcesBuildPhase;
			buildActionMask = 2147483647;
			files = (
				E1336863233B6830007E2683 /* LaunchScreen.storyboard in Resources */,
				E1336860233B6830007E2683 /* Assets.xcassets in Resources */,
				E133685E233B682E007E2683 /* Main.storyboard in Resources */,
			);
			runOnlyForDeploymentPostprocessing = 0;
		};
/* End PBXResourcesBuildPhase section */

/* Begin PBXSourcesBuildPhase section */
		E133684C233B682E007E2683 /* Sources */ = {
			isa = PBXSourcesBuildPhase;
			buildActionMask = 2147483647;
			files = (
				E133685B233B682E007E2683 /* ViewController.m in Sources */,
				E1336855233B682E007E2683 /* AppDelegate.m in Sources */,
				E1336866233B6830007E2683 /* main.m in Sources */,
				E1336858233B682E007E2683 /* SceneDelegate.m in Sources */,
			);
			runOnlyForDeploymentPostprocessing = 0;
		};
/* End PBXSourcesBuildPhase section */

/* Begin PBXVariantGroup section */
		E133685C233B682E007E2683 /* Main.storyboard */ = {
			isa = PBXVariantGroup;
			children = (
				E133685D233B682E007E2683 /* Base */,
			);
			name = Main.storyboard;
			sourceTree = "<group>";
		};
		E1336861233B6830007E2683 /* LaunchScreen.storyboard */ = {
			isa = PBXVariantGroup;
			children = (
				E1336862233B6830007E2683 /* Base */,
			);
			name = LaunchScreen.storyboard;
			sourceTree = "<group>";
		};
/* End PBXVariantGroup section */

/* Begin XCBuildConfiguration section */
		E1336867233B6830007E2683 /* Debug */ = {
			isa = XCBuildConfiguration;
			buildSettings = {
				ALWAYS_SEARCH_USER_PATHS = NO;
				CLANG_ANALYZER_NONNULL = YES;
				CLANG_ANALYZER_NUMBER_OBJECT_CONVERSION = YES_AGGRESSIVE;
				CLANG_CXX_LANGUAGE_STANDARD = "gnu++14";
				CLANG_CXX_LIBRARY = "libc++";
				CLANG_ENABLE_MODULES = YES;
				CLANG_ENABLE_OBJC_ARC = YES;
				CLANG_ENABLE_OBJC_WEAK = YES;
				CLANG_WARN_BLOCK_CAPTURE_AUTORELEASING = YES;
				CLANG_WARN_BOOL_CONVERSION = YES;
				CLANG_WARN_COMMA = YES;
				CLANG_WARN_CONSTANT_CONVERSION = YES;
				CLANG_WARN_DEPRECATED_OBJC_IMPLEMENTATIONS = YES;
				CLANG_WARN_DIRECT_OBJC_ISA_USAGE = YES_ERROR;
				CLANG_WARN_DOCUMENTATION_COMMENTS = YES;
				CLANG_WARN_EMPTY_BODY = YES;
				CLANG_WARN_ENUM_CONVERSION = YES;
				CLANG_WARN_INFINITE_RECURSION = YES;
				CLANG_WARN_INT_CONVERSION = YES;
				CLANG_WARN_NON_LITERAL_NULL_CONVERSION = YES;
				CLANG_WARN_OBJC_IMPLICIT_RETAIN_SELF = YES;
				CLANG_WARN_OBJC_LITERAL_CONVERSION = YES;
				CLANG_WARN_OBJC_ROOT_CLASS = YES_ERROR;
				CLANG_WARN_RANGE_LOOP_ANALYSIS = YES;
				CLANG_WARN_STRICT_PROTOTYPES = YES;
				CLANG_WARN_SUSPICIOUS_MOVE = YES;
				CLANG_WARN_UNGUARDED_AVAILABILITY = YES_AGGRESSIVE;
				CLANG_WARN_UNREACHABLE_CODE = YES;
				CLANG_WARN__DUPLICATE_METHOD_MATCH = YES;
				COPY_PHASE_STRIP = NO;
				DEBUG_INFORMATION_FORMAT = dwarf;
				ENABLE_STRICT_OBJC_MSGSEND = YES;
				ENABLE_TESTABILITY = YES;
				GCC_C_LANGUAGE_STANDARD = gnu11;
				GCC_DYNAMIC_NO_PIC = NO;
				GCC_NO_COMMON_BLOCKS = YES;
				GCC_OPTIMIZATION_LEVEL = 0;
				GCC_PREPROCESSOR_DEFINITIONS = (
					"DEBUG=1",
					"$(inherited)",
				);
				GCC_WARN_64_TO_32_BIT_CONVERSION = YES;
				GCC_WARN_ABOUT_RETURN_TYPE = YES_ERROR;
				GCC_WARN_UNDECLARED_SELECTOR = YES;
				GCC_WARN_UNINITIALIZED_AUTOS = YES_AGGRESSIVE;
				GCC_WARN_UNUSED_FUNCTION = YES;
				GCC_WARN_UNUSED_VARIABLE = YES;
				IPHONEOS_DEPLOYMENT_TARGET = 13.0;
				MTL_ENABLE_DEBUG_INFO = INCLUDE_SOURCE;
				MTL_FAST_MATH = YES;
				ONLY_ACTIVE_ARCH = YES;
				SDKROOT = iphoneos;
			};
			name = Debug;
		};
		E1336868233B6830007E2683 /* Release */ = {
			isa = XCBuildConfiguration;
			buildSettings = {
				ALWAYS_SEARCH_USER_PATHS = NO;
				CLANG_ANALYZER_NONNULL = YES;
				CLANG_ANALYZER_NUMBER_OBJECT_CONVERSION = YES_AGGRESSIVE;
				CLANG_CXX_LANGUAGE_STANDARD = "gnu++14";
				CLANG_CXX_LIBRARY = "libc++";
				CLANG_ENABLE_MODULES = YES;
				CLANG_ENABLE_OBJC_ARC = YES;
				CLANG_ENABLE_OBJC_WEAK = YES;
				CLANG_WARN_BLOCK_CAPTURE_AUTORELEASING = YES;
				CLANG_WARN_BOOL_CONVERSION = YES;
				CLANG_WARN_COMMA = YES;
				CLANG_WARN_CONSTANT_CONVERSION = YES;
				CLANG_WARN_DEPRECATED_OBJC_IMPLEMENTATIONS = YES;
				CLANG_WARN_DIRECT_OBJC_ISA_USAGE = YES_ERROR;
				CLANG_WARN_DOCUMENTATION_COMMENTS = YES;
				CLANG_WARN_EMPTY_BODY = YES;
				CLANG_WARN_ENUM_CONVERSION = YES;
				CLANG_WARN_INFINITE_RECURSION = YES;
				CLANG_WARN_INT_CONVERSION = YES;
				CLANG_WARN_NON_LITERAL_NULL_CONVERSION = YES;
				CLANG_WARN_OBJC_IMPLICIT_RETAIN_SELF = YES;
				CLANG_WARN_OBJC_LITERAL_CONVERSION = YES;
				CLANG_WARN_OBJC_ROOT_CLASS = YES_ERROR;
				CLANG_WARN_RANGE_LOOP_ANALYSIS = YES;
				CLANG_WARN_STRICT_PROTOTYPES = YES;
				CLANG_WARN_SUSPICIOUS_MOVE = YES;
				CLANG_WARN_UNGUARDED_AVAILABILITY = YES_AGGRESSIVE;
				CLANG_WARN_UNREACHABLE_CODE = YES;
				CLANG_WARN__DUPLICATE_METHOD_MATCH = YES;
				COPY_PHASE_STRIP = NO;
				DEBUG_INFORMATION_FORMAT = "dwarf-with-dsym";
				ENABLE_NS_ASSERTIONS = NO;
				ENABLE_STRICT_OBJC_MSGSEND = YES;
				GCC_C_LANGUAGE_STANDARD = gnu11;
				GCC_NO_COMMON_BLOCKS = YES;
				GCC_WARN_64_TO_32_BIT_CONVERSION = YES;
				GCC_WARN_ABOUT_RETURN_TYPE = YES_ERROR;
				GCC_WARN_UNDECLARED_SELECTOR = YES;
				GCC_WARN_UNINITIALIZED_AUTOS = YES_AGGRESSIVE;
				GCC_WARN_UNUSED_FUNCTION = YES;
				GCC_WARN_UNUSED_VARIABLE = YES;
				IPHONEOS_DEPLOYMENT_TARGET = 13.0;
				MTL_ENABLE_DEBUG_INFO = NO;
				MTL_FAST_MATH = YES;
				SDKROOT = iphoneos;
				VALIDATE_PRODUCT = YES;
			};
			name = Release;
		};
		E133686A233B6830007E2683 /* Debug */ = {
			isa = XCBuildConfiguration;
			buildSettings = {
				ASSETCATALOG_COMPILER_APPICON_NAME = AppIcon;
				CODE_SIGN_STYLE = Automatic;
				INFOPLIST_FILE = "SampleObjective-C/Info.plist";
				LD_RUNPATH_SEARCH_PATHS = (
					"$(inherited)",
					"@executable_path/Frameworks",
				);
				PRODUCT_BUNDLE_IDENTIFIER = "com.example.SampleObjective-C";
				PRODUCT_NAME = "$(TARGET_NAME)";
				TARGETED_DEVICE_FAMILY = "1,2";
			};
			name = Debug;
		};
		E133686B233B6830007E2683 /* Release */ = {
			isa = XCBuildConfiguration;
			buildSettings = {
				ASSETCATALOG_COMPILER_APPICON_NAME = AppIcon;
				CODE_SIGN_STYLE = Automatic;
				INFOPLIST_FILE = "SampleObjective-C/Info.plist";
				LD_RUNPATH_SEARCH_PATHS = (
					"$(inherited)",
					"@executable_path/Frameworks",
				);
				PRODUCT_BUNDLE_IDENTIFIER = "com.example.SampleObjective-C";
				PRODUCT_NAME = "$(TARGET_NAME)";
				TARGETED_DEVICE_FAMILY = "1,2";
			};
			name = Release;
		};
/* End XCBuildConfiguration section */

/* Begin XCConfigurationList section */
		E133684B233B682E007E2683 /* Build configuration list for PBXProject "SampleObjective-C" */ = {
			isa = XCConfigurationList;
			buildConfigurations = (
				E1336867233B6830007E2683 /* Debug */,
				E1336868233B6830007E2683 /* Release */,
			);
			defaultConfigurationIsVisible = 0;
			defaultConfigurationName = Release;
		};
		E1336869233B6830007E2683 /* Build configuration list for PBXNativeTarget "SampleObjective-C" */ = {
			isa = XCConfigurationList;
			buildConfigurations = (
				E133686A233B6830007E2683 /* Debug */,
				E133686B233B6830007E2683 /* Release */,
			);
			defaultConfigurationIsVisible = 0;
			defaultConfigurationName = Release;
		};
/* End XCConfigurationList section */
	};
	rootObject = E1336848233B682E007E2683 /* Project object */;
}
